{
  "name": "FastAPI-react-portfolio",
  "lockfileVersion": 3,
  "requires": true,
  "packages": {
    "": {
      "dependencies": {
        "farmer": "^0.0.1",
        "motion": "^10.17.0"
      }
    },
    "node_modules/@motionone/animation": {
      "version": "10.17.0",
      "resolved": "https://registry.npmjs.org/@motionone/animation/-/animation-10.17.0.tgz",
      "integrity": "sha512-ANfIN9+iq1kGgsZxs+Nz96uiNcPLGTXwfNo2Xz/fcJXniPYpaz/Uyrfa+7I5BPLxCP82sh7quVDudf1GABqHbg==",
      "dependencies": {
        "@motionone/easing": "^10.17.0",
        "@motionone/types": "^10.17.0",
        "@motionone/utils": "^10.17.0",
        "tslib": "^2.3.1"
      }
    },
    "node_modules/@motionone/dom": {
      "version": "10.17.0",
      "resolved": "https://registry.npmjs.org/@motionone/dom/-/dom-10.17.0.tgz",
      "integrity": "sha512-cMm33swRlCX/qOPHWGbIlCl0K9Uwi6X5RiL8Ma6OrlJ/TP7Q+Np5GE4xcZkFptysFjMTi4zcZzpnNQGQ5D6M0Q==",
      "dependencies": {
        "@motionone/animation": "^10.17.0",
        "@motionone/generators": "^10.17.0",
        "@motionone/types": "^10.17.0",
        "@motionone/utils": "^10.17.0",
        "hey-listen": "^1.0.8",
        "tslib": "^2.3.1"
      }
    },
    "node_modules/@motionone/easing": {
      "version": "10.17.0",
      "resolved": "https://registry.npmjs.org/@motionone/easing/-/easing-10.17.0.tgz",
      "integrity": "sha512-Bxe2wSuLu/qxqW4rBFS5m9tMLOw+QBh8v5A7Z5k4Ul4sTj5jAOfZG5R0bn5ywmk+Fs92Ij1feZ5pmC4TeXA8Tg==",
      "dependencies": {
        "@motionone/utils": "^10.17.0",
        "tslib": "^2.3.1"
      }
    },
    "node_modules/@motionone/generators": {
      "version": "10.17.0",
      "resolved": "https://registry.npmjs.org/@motionone/generators/-/generators-10.17.0.tgz",
      "integrity": "sha512-T6Uo5bDHrZWhIfxG/2Aut7qyWQyJIWehk6OB4qNvr/jwA/SRmixwbd7SOrxZi1z5rH3LIeFFBKK1xHnSbGPZSQ==",
      "dependencies": {
        "@motionone/types": "^10.17.0",
        "@motionone/utils": "^10.17.0",
        "tslib": "^2.3.1"
      }
    },
    "node_modules/@motionone/types": {
      "version": "10.17.0",
      "resolved": "https://registry.npmjs.org/@motionone/types/-/types-10.17.0.tgz",
      "integrity": "sha512-EgeeqOZVdRUTEHq95Z3t8Rsirc7chN5xFAPMYFobx8TPubkEfRSm5xihmMUkbaR2ErKJTUw3347QDPTHIW12IA=="
    },
    "node_modules/@motionone/utils": {
      "version": "10.17.0",
      "resolved": "https://registry.npmjs.org/@motionone/utils/-/utils-10.17.0.tgz",
      "integrity": "sha512-bGwrki4896apMWIj9yp5rAS2m0xyhxblg6gTB/leWDPt+pb410W8lYWsxyurX+DH+gO1zsQsfx2su/c1/LtTpg==",
      "dependencies": {
        "@motionone/types": "^10.17.0",
        "hey-listen": "^1.0.8",
        "tslib": "^2.3.1"
      }
    },
    "node_modules/farmer": {
      "version": "0.0.1",
      "resolved": "https://registry.npmjs.org/farmer/-/farmer-0.0.1.tgz",
      "integrity": "sha512-zz2Wr1+4V48ha+xXDgcCL+X9HpD8LCpZbHYxQyON6UjlNpOYRmU2vxVdJmUFQrf0G8adHCPqJjfycheENZp3OQ=="
    },
    "node_modules/hey-listen": {
      "version": "1.0.8",
      "resolved": "https://registry.npmjs.org/hey-listen/-/hey-listen-1.0.8.tgz",
      "integrity": "sha512-COpmrF2NOg4TBWUJ5UVyaCU2A88wEMkUPK4hNqyCkqHbxT92BbvfjoSozkAIIm6XhicGlJHhFdullInrdhwU8Q=="
    },
    "node_modules/motion": {
      "version": "10.17.0",
      "resolved": "https://registry.npmjs.org/motion/-/motion-10.17.0.tgz",
      "integrity": "sha512-yBHYkrnJRiomuo88YQzG/v+nzFXKNlKw/Hh7uy8AV7nrYHnE07O6PEECShGbFmZvLrAOGc9qKzEDYmspDYjNWw==",
      "dependencies": {
        "@motionone/animation": "^10.17.0",
        "@motionone/dom": "^10.17.0",
        "@motionone/types": "^10.17.0",
        "@motionone/utils": "^10.17.0"
      }
    },
    "node_modules/tslib": {
      "version": "2.6.2",
      "resolved": "https://registry.npmjs.org/tslib/-/tslib-2.6.2.tgz",
      "integrity": "sha512-AEYxH93jGFPn/a2iVAwW87VuUIkR1FVUKB77NwMF7nBTDkDrrT/Hpt/IrCJ0QXhW27jTBDcf5ZY7w6RiqTMw2Q=="
    }
  }
}
